{
  "name": "architecture",
  "lockfileVersion": 3,
  "requires": true,
  "packages": {
    "": {
      "dependencies": {
        "@markdown-confluence/cli": "^5.5.2"
      }
    },
    "node_modules/@markdown-confluence/cli": {
      "version": "5.5.2",
      "resolved": "https://registry.npmjs.org/@markdown-confluence/cli/-/cli-5.5.2.tgz",
      "integrity": "sha512-EpGlqfTMJhiLzlJxy7Sd8k8dlDXDITTSnGR4KOfCKxj1oVYZvt2FtCrA3vnVONETqDJw0yco5zjHEEBw4DeXtw==",
      "bin": {
        "cli": "dist/index.js"
      }
    }
  }
}
